
Microsoft Visual Studio Solution File, Format Version 12.00
# Visual Studio Version 17
Project("{8BC9CEB8-8B4A-11D0-8D11-00A0C91BC942}") = "ALL_BUILD", "ALL_BUILD.vcxproj", "{786E3419-F84F-34AA-9D07-36A30209A684}"
	ProjectSection(ProjectDependencies) = postProject
		{32F47170-CF9D-3E1D-BDAA-A9130A6CB646} = {32F47170-CF9D-3E1D-BDAA-A9130A6CB646}
		{5080C7AF-F480-3E60-A6B7-51D93DCC794F} = {5080C7AF-F480-3E60-A6B7-51D93DCC794F}
	EndProjectSection
EndProject
Project("{8BC9CEB8-8B4A-11D0-8D11-00A0C91BC942}") = "BulletFun", "BulletFun.vcxproj", "{32F47170-CF9D-3E1D-BDAA-A9130A6CB646}"
	ProjectSection(ProjectDependencies) = postProject
		{5080C7AF-F480-3E60-A6B7-51D93DCC794F} = {5080C7AF-F480-3E60-A6B7-51D93DCC794F}
	EndProjectSection
EndProject
Project("{8BC9CEB8-8B4A-11D0-8D11-00A0C91BC942}") = "ZERO_CHECK", "ZERO_CHECK.vcxproj", "{5080C7AF-F480-3E60-A6B7-51D93DCC794F}"
	ProjectSection(ProjectDependencies) = postProject
	EndProjectSection
EndProject
Global
	GlobalSection(SolutionConfigurationPlatforms) = preSolution
		Debug|x64 = Debug|x64
		Release|x64 = Release|x64
		MinSizeRel|x64 = MinSizeRel|x64
		RelWithDebInfo|x64 = RelWithDebInfo|x64
	EndGlobalSection
	GlobalSection(ProjectConfigurationPlatforms) = postSolution
		{786E3419-F84F-34AA-9D07-36A30209A684}.Debug|x64.ActiveCfg = Debug|x64
		{786E3419-F84F-34AA-9D07-36A30209A684}.Release|x64.ActiveCfg = Release|x64
		{786E3419-F84F-34AA-9D07-36A30209A684}.MinSizeRel|x64.ActiveCfg = MinSizeRel|x64
		{786E3419-F84F-34AA-9D07-36A30209A684}.RelWithDebInfo|x64.ActiveCfg = RelWithDebInfo|x64
		{32F47170-CF9D-3E1D-BDAA-A9130A6CB646}.Debug|x64.ActiveCfg = Debug|x64
		{32F47170-CF9D-3E1D-BDAA-A9130A6CB646}.Debug|x64.Build.0 = Debug|x64
		{32F47170-CF9D-3E1D-BDAA-A9130A6CB646}.Release|x64.ActiveCfg = Release|x64
		{32F47170-CF9D-3E1D-BDAA-A9130A6CB646}.Release|x64.Build.0 = Release|x64
		{32F47170-CF9D-3E1D-BDAA-A9130A6CB646}.MinSizeRel|x64.ActiveCfg = MinSizeRel|x64
		{32F47170-CF9D-3E1D-BDAA-A9130A6CB646}.MinSizeRel|x64.Build.0 = MinSizeRel|x64
		{32F47170-CF9D-3E1D-BDAA-A9130A6CB646}.RelWithDebInfo|x64.ActiveCfg = RelWithDebInfo|x64
		{32F47170-CF9D-3E1D-BDAA-A9130A6CB646}.RelWithDebInfo|x64.Build.0 = RelWithDebInfo|x64
		{5080C7AF-F480-3E60-A6B7-51D93DCC794F}.Debug|x64.ActiveCfg = Debug|x64
		{5080C7AF-F480-3E60-A6B7-51D93DCC794F}.Debug|x64.Build.0 = Debug|x64
		{5080C7AF-F480-3E60-A6B7-51D93DCC794F}.Release|x64.ActiveCfg = Release|x64
		{5080C7AF-F480-3E60-A6B7-51D93DCC794F}.Release|x64.Build.0 = Release|x64
		{5080C7AF-F480-3E60-A6B7-51D93DCC794F}.MinSizeRel|x64.ActiveCfg = MinSizeRel|x64
		{5080C7AF-F480-3E60-A6B7-51D93DCC794F}.MinSizeRel|x64.Build.0 = MinSizeRel|x64
		{5080C7AF-F480-3E60-A6B7-51D93DCC794F}.RelWithDebInfo|x64.ActiveCfg = RelWithDebInfo|x64
		{5080C7AF-F480-3E60-A6B7-51D93DCC794F}.RelWithDebInfo|x64.Build.0 = RelWithDebInfo|x64
	EndGlobalSection
	GlobalSection(ExtensibilityGlobals) = postSolution
		SolutionGuid = {EE78C169-D0DB-38AB-9BC9-BF320C123F9E}
	EndGlobalSection
	GlobalSection(ExtensibilityAddIns) = postSolution
	EndGlobalSection
EndGlobal
